
Microsoft Visual Studio Solution File, Format Version 12.00
# Visual Studio Version 17
VisualStudioVersion = 17.7.34031.279
MinimumVisualStudioVersion = 10.0.40219.1
Project("{9A19103F-16F7-4668-BE54-9A1E7A4F7556}") = "SocialFeedAPI", "SocialFeedAPI\SocialFeedAPI.csproj", "{5A80E284-FDE4-4D4F-AE2B-C0D618FE3177}"
EndProject
Project("{FAE04EC0-301F-11D3-BF4B-00C04F79EFBC}") = "SocialFeedAPI.Tests", "SocialFeedAPI.Tests\SocialFeedAPI.Tests.csproj", "{E6C0C2D0-CADF-4C79-B743-8F52B48E7850}"
EndProject
Global
	GlobalSection(SolutionConfigurationPlatforms) = preSolution
		Debug|Any CPU = Debug|Any CPU
		Release|Any CPU = Release|Any CPU
	EndGlobalSection
	GlobalSection(ProjectConfigurationPlatforms) = postSolution
		{5A80E284-FDE4-4D4F-AE2B-C0D618FE3177}.Debug|Any CPU.ActiveCfg = Debug|Any CPU
		{5A80E284-FDE4-4D4F-AE2B-C0D618FE3177}.Debug|Any CPU.Build.0 = Debug|Any CPU
		{5A80E284-FDE4-4D4F-AE2B-C0D618FE3177}.Release|Any CPU.ActiveCfg = Release|Any CPU
		{5A80E284-FDE4-4D4F-AE2B-C0D618FE3177}.Release|Any CPU.Build.0 = Release|Any CPU
		{E6C0C2D0-CADF-4C79-B743-8F52B48E7850}.Debug|Any CPU.ActiveCfg = Debug|Any CPU
		{E6C0C2D0-CADF-4C79-B743-8F52B48E7850}.Debug|Any CPU.Build.0 = Debug|Any CPU
		{E6C0C2D0-CADF-4C79-B743-8F52B48E7850}.Release|Any CPU.ActiveCfg = Release|Any CPU
		{E6C0C2D0-CADF-4C79-B743-8F52B48E7850}.Release|Any CPU.Build.0 = Release|Any CPU
	EndGlobalSection
	GlobalSection(SolutionProperties) = preSolution
		HideSolutionNode = FALSE
	EndGlobalSection
	GlobalSection(ExtensibilityGlobals) = postSolution
		SolutionGuid = {40785242-923C-4353-9568-CA4C1D8277C7}
	EndGlobalSection
EndGlobal
